
Microsoft Visual Studio Solution File, Format Version 12.00
# Visual Studio Version 17
VisualStudioVersion = 17.10.35122.118
MinimumVisualStudioVersion = 10.0.40219.1
Project("{9A19103F-16F7-4668-BE54-9A1E7A4F7556}") = "HashStudy", "HashStudy\HashStudy.csproj", "{064DA271-4A7D-4D10-96A5-BE20AF7D199E}"
EndProject
Project("{9A19103F-16F7-4668-BE54-9A1E7A4F7556}") = "HashStudyLib", "HashStudyLib\HashStudyLib.csproj", "{9E0FB70B-BB28-4C67-9BB5-82029923CBE4}"
EndProject
Project("{FAE04EC0-301F-11D3-BF4B-00C04F79EFBC}") = "HashStudyLibTests", "HashStudyLibTests\HashStudyLibTests.csproj", "{C12191F1-FFF5-4A8B-8325-CE9777BD328A}"
EndProject
Global
	GlobalSection(SolutionConfigurationPlatforms) = preSolution
		Debug|Any CPU = Debug|Any CPU
		Release|Any CPU = Release|Any CPU
	EndGlobalSection
	GlobalSection(ProjectConfigurationPlatforms) = postSolution
		{064DA271-4A7D-4D10-96A5-BE20AF7D199E}.Debug|Any CPU.ActiveCfg = Debug|Any CPU
		{064DA271-4A7D-4D10-96A5-BE20AF7D199E}.Debug|Any CPU.Build.0 = Debug|Any CPU
		{064DA271-4A7D-4D10-96A5-BE20AF7D199E}.Release|Any CPU.ActiveCfg = Release|Any CPU
		{064DA271-4A7D-4D10-96A5-BE20AF7D199E}.Release|Any CPU.Build.0 = Release|Any CPU
		{9E0FB70B-BB28-4C67-9BB5-82029923CBE4}.Debug|Any CPU.ActiveCfg = Debug|Any CPU
		{9E0FB70B-BB28-4C67-9BB5-82029923CBE4}.Debug|Any CPU.Build.0 = Debug|Any CPU
		{9E0FB70B-BB28-4C67-9BB5-82029923CBE4}.Release|Any CPU.ActiveCfg = Release|Any CPU
		{9E0FB70B-BB28-4C67-9BB5-82029923CBE4}.Release|Any CPU.Build.0 = Release|Any CPU
		{C12191F1-FFF5-4A8B-8325-CE9777BD328A}.Debug|Any CPU.ActiveCfg = Debug|Any CPU
		{C12191F1-FFF5-4A8B-8325-CE9777BD328A}.Debug|Any CPU.Build.0 = Debug|Any CPU
		{C12191F1-FFF5-4A8B-8325-CE9777BD328A}.Release|Any CPU.ActiveCfg = Release|Any CPU
		{C12191F1-FFF5-4A8B-8325-CE9777BD328A}.Release|Any CPU.Build.0 = Release|Any CPU
	EndGlobalSection
	GlobalSection(SolutionProperties) = preSolution
		HideSolutionNode = FALSE
	EndGlobalSection
	GlobalSection(ExtensibilityGlobals) = postSolution
		SolutionGuid = {800990BC-E1B1-483C-846E-92289DFE55E9}
	EndGlobalSection
EndGlobal
