
Microsoft Visual Studio Solution File, Format Version 12.00
# Visual Studio Version 17
VisualStudioVersion = 17.10.35122.118
MinimumVisualStudioVersion = 10.0.40219.1
Project("{FAE04EC0-301F-11D3-BF4B-00C04F79EFBC}") = "ZipArchiveStudy", "ZipArchiveStudy\ZipArchiveStudy.csproj", "{6F396935-4224-4FFF-BCAC-D467566974B7}"
EndProject
Project("{FAE04EC0-301F-11D3-BF4B-00C04F79EFBC}") = "ZipArchiveStudyLib", "ZipArchiveStudyLib\ZipArchiveStudyLib.csproj", "{9239579E-D7CC-4335-BBC6-8659B1DD4A33}"
EndProject
Project("{FAE04EC0-301F-11D3-BF4B-00C04F79EFBC}") = "ZipArchiveStudyLibTests", "ZipArchiveStudyLibTests\ZipArchiveStudyLibTests.csproj", "{A04E6469-80D5-431F-887F-D979B0847674}"
EndProject
Global
	GlobalSection(SolutionConfigurationPlatforms) = preSolution
		Debug|Any CPU = Debug|Any CPU
		Release|Any CPU = Release|Any CPU
	EndGlobalSection
	GlobalSection(ProjectConfigurationPlatforms) = postSolution
		{6F396935-4224-4FFF-BCAC-D467566974B7}.Debug|Any CPU.ActiveCfg = Debug|Any CPU
		{6F396935-4224-4FFF-BCAC-D467566974B7}.Debug|Any CPU.Build.0 = Debug|Any CPU
		{6F396935-4224-4FFF-BCAC-D467566974B7}.Release|Any CPU.ActiveCfg = Release|Any CPU
		{6F396935-4224-4FFF-BCAC-D467566974B7}.Release|Any CPU.Build.0 = Release|Any CPU
		{9239579E-D7CC-4335-BBC6-8659B1DD4A33}.Debug|Any CPU.ActiveCfg = Debug|Any CPU
		{9239579E-D7CC-4335-BBC6-8659B1DD4A33}.Debug|Any CPU.Build.0 = Debug|Any CPU
		{9239579E-D7CC-4335-BBC6-8659B1DD4A33}.Release|Any CPU.ActiveCfg = Release|Any CPU
		{9239579E-D7CC-4335-BBC6-8659B1DD4A33}.Release|Any CPU.Build.0 = Release|Any CPU
		{A04E6469-80D5-431F-887F-D979B0847674}.Debug|Any CPU.ActiveCfg = Debug|Any CPU
		{A04E6469-80D5-431F-887F-D979B0847674}.Debug|Any CPU.Build.0 = Debug|Any CPU
		{A04E6469-80D5-431F-887F-D979B0847674}.Release|Any CPU.ActiveCfg = Release|Any CPU
		{A04E6469-80D5-431F-887F-D979B0847674}.Release|Any CPU.Build.0 = Release|Any CPU
	EndGlobalSection
	GlobalSection(SolutionProperties) = preSolution
		HideSolutionNode = FALSE
	EndGlobalSection
	GlobalSection(ExtensibilityGlobals) = postSolution
		SolutionGuid = {44707C8A-165D-4486-A2F1-3B98DB276F7E}
	EndGlobalSection
EndGlobal
